// !$*UTF8*$!
{
	archiveVersion = 1;
	classes = {
	};
	objectVersion = 50;
	objects = {

/* Begin PBXBuildFile section */
		34240EB224D97CAA00E4FD67 /* AppDelegate.swift in Sources */ = {isa = PBXBuildFile; fileRef = 34240EB124D97CAA00E4FD67 /* AppDelegate.swift */; };
		34240EB424D97CAA00E4FD67 /* SceneDelegate.swift in Sources */ = {isa = PBXBuildFile; fileRef = 34240EB324D97CAA00E4FD67 /* SceneDelegate.swift */; };
		34240EB624D97CAA00E4FD67 /* ContentView.swift in Sources */ = {isa = PBXBuildFile; fileRef = 34240EB524D97CAA00E4FD67 /* ContentView.swift */; };
		34240EB824D97CAB00E4FD67 /* Assets.xcassets in Resources */ = {isa = PBXBuildFile; fileRef = 34240EB724D97CAB00E4FD67 /* Assets.xcassets */; };
		34240EBB24D97CAB00E4FD67 /* Preview Assets.xcassets in Resources */ = {isa = PBXBuildFile; fileRef = 34240EBA24D97CAB00E4FD67 /* Preview Assets.xcassets */; };
		34240EBE24D97CAB00E4FD67 /* LaunchScreen.storyboard in Resources */ = {isa = PBXBuildFile; fileRef = 34240EBC24D97CAB00E4FD67 /* LaunchScreen.storyboard */; };
		342803C524DD41ED00E733E8 /* NewsContent.swift in Sources */ = {isa = PBXBuildFile; fileRef = 342803C424DD41ED00E733E8 /* NewsContent.swift */; };
		3455B62D24D9806D00F0DA49 /* Model.swift in Sources */ = {isa = PBXBuildFile; fileRef = 3455B62C24D9806D00F0DA49 /* Model.swift */; };
		3455B62F24D9830D00F0DA49 /* ModelView.swift in Sources */ = {isa = PBXBuildFile; fileRef = 3455B62E24D9830D00F0DA49 /* ModelView.swift */; };
		3455B63324D98B0D00F0DA49 /* NewsRow.swift in Sources */ = {isa = PBXBuildFile; fileRef = 3455B63224D98B0D00F0DA49 /* NewsRow.swift */; };
		3455B63524DC4FE300F0DA49 /* data.swift in Sources */ = {isa = PBXBuildFile; fileRef = 3455B63424DC4FE300F0DA49 /* data.swift */; };
/* End PBXBuildFile section */

/* Begin PBXFileReference section */
		34240EAE24D97CAA00E4FD67 /* news.app */ = {isa = PBXFileReference; explicitFileType = wrapper.application; includeInIndex = 0; path = news.app; sourceTree = BUILT_PRODUCTS_DIR; };
		34240EB124D97CAA00E4FD67 /* AppDelegate.swift */ = {isa = PBXFileReference; lastKnownFileType = sourcecode.swift; path = AppDelegate.swift; sourceTree = "<group>"; };
		34240EB324D97CAA00E4FD67 /* SceneDelegate.swift */ = {isa = PBXFileReference; lastKnownFileType = sourcecode.swift; path = SceneDelegate.swift; sourceTree = "<group>"; };
		34240EB524D97CAA00E4FD67 /* ContentView.swift */ = {isa = PBXFileReference; lastKnownFileType = sourcecode.swift; path = ContentView.swift; sourceTree = "<group>"; };
		34240EB724D97CAB00E4FD67 /* Assets.xcassets */ = {isa = PBXFileReference; lastKnownFileType = folder.assetcatalog; path = Assets.xcassets; sourceTree = "<group>"; };
		34240EBA24D97CAB00E4FD67 /* Preview Assets.xcassets */ = {isa = PBXFileReference; lastKnownFileType = folder.assetcatalog; path = "Preview Assets.xcassets"; sourceTree = "<group>"; };
		34240EBD24D97CAB00E4FD67 /* Base */ = {isa = PBXFileReference; lastKnownFileType = file.storyboard; name = Base; path = Base.lproj/LaunchScreen.storyboard; sourceTree = "<group>"; };
		34240EBF24D97CAB00E4FD67 /* Info.plist */ = {isa = PBXFileReference; lastKnownFileType = text.plist.xml; path = Info.plist; sourceTree = "<group>"; };
		342803C424DD41ED00E733E8 /* NewsContent.swift */ = {isa = PBXFileReference; lastKnownFileType = sourcecode.swift; path = NewsContent.swift; sourceTree = "<group>"; };
		3455B62C24D9806D00F0DA49 /* Model.swift */ = {isa = PBXFileReference; lastKnownFileType = sourcecode.swift; path = Model.swift; sourceTree = "<group>"; };
		3455B62E24D9830D00F0DA49 /* ModelView.swift */ = {isa = PBXFileReference; lastKnownFileType = sourcecode.swift; path = ModelView.swift; sourceTree = "<group>"; };
		3455B63224D98B0D00F0DA49 /* NewsRow.swift */ = {isa = PBXFileReference; lastKnownFileType = sourcecode.swift; path = NewsRow.swift; sourceTree = "<group>"; };
		3455B63424DC4FE300F0DA49 /* data.swift */ = {isa = PBXFileReference; lastKnownFileType = sourcecode.swift; path = data.swift; sourceTree = "<group>"; };
/* End PBXFileReference section */

/* Begin PBXFrameworksBuildPhase section */
		34240EAB24D97CAA00E4FD67 /* Frameworks */ = {
			isa = PBXFrameworksBuildPhase;
			buildActionMask = 2147483647;
			files = (
			);
			runOnlyForDeploymentPostprocessing = 0;
		};
/* End PBXFrameworksBuildPhase section */

/* Begin PBXGroup section */
		34240EA524D97CAA00E4FD67 = {
			isa = PBXGroup;
			children = (
				34240EB024D97CAA00E4FD67 /* news */,
				34240EAF24D97CAA00E4FD67 /* Products */,
			);
			sourceTree = "<group>";
		};
		34240EAF24D97CAA00E4FD67 /* Products */ = {
			isa = PBXGroup;
			children = (
				34240EAE24D97CAA00E4FD67 /* news.app */,
			);
			name = Products;
			sourceTree = "<group>";
		};
		34240EB024D97CAA00E4FD67 /* news */ = {
			isa = PBXGroup;
			children = (
				34240EB124D97CAA00E4FD67 /* AppDelegate.swift */,
				34240EB324D97CAA00E4FD67 /* SceneDelegate.swift */,
				34240EB524D97CAA00E4FD67 /* ContentView.swift */,
				342803C424DD41ED00E733E8 /* NewsContent.swift */,
				3455B63224D98B0D00F0DA49 /* NewsRow.swift */,
				3455B62E24D9830D00F0DA49 /* ModelView.swift */,
				3455B62C24D9806D00F0DA49 /* Model.swift */,
				3455B63424DC4FE300F0DA49 /* data.swift */,
				34240EB724D97CAB00E4FD67 /* Assets.xcassets */,
				34240EBC24D97CAB00E4FD67 /* LaunchScreen.storyboard */,
				34240EBF24D97CAB00E4FD67 /* Info.plist */,
				34240EB924D97CAB00E4FD67 /* Preview Content */,
			);
			path = news;
			sourceTree = "<group>";
		};
		34240EB924D97CAB00E4FD67 /* Preview Content */ = {
			isa = PBXGroup;
			children = (
				34240EBA24D97CAB00E4FD67 /* Preview Assets.xcassets */,
			);
			path = "Preview Content";
			sourceTree = "<group>";
		};
/* End PBXGroup section */

/* Begin PBXNativeTarget section */
		34240EAD24D97CAA00E4FD67 /* news */ = {
			isa = PBXNativeTarget;
			buildConfigurationList = 34240EC224D97CAB00E4FD67 /* Build configuration list for PBXNativeTarget "news" */;
			buildPhases = (
				34240EAA24D97CAA00E4FD67 /* Sources */,
				34240EAB24D97CAA00E4FD67 /* Frameworks */,
				34240EAC24D97CAA00E4FD67 /* Resources */,
			);
			buildRules = (
			);
			dependencies = (
			);
			name = news;
			productName = news;
			productReference = 34240EAE24D97CAA00E4FD67 /* news.app */;
			productType = "com.apple.product-type.application";
		};
/* End PBXNativeTarget section */

/* Begin PBXProject section */
		34240EA624D97CAA00E4FD67 /* Project object */ = {
			isa = PBXProject;
			attributes = {
				LastSwiftUpdateCheck = 1160;
				LastUpgradeCheck = 1160;
				ORGANIZATIONNAME = "余润杰";
				TargetAttributes = {
					34240EAD24D97CAA00E4FD67 = {
						CreatedOnToolsVersion = 11.6;
					};
				};
			};
			buildConfigurationList = 34240EA924D97CAA00E4FD67 /* Build configuration list for PBXProject "news" */;
			compatibilityVersion = "Xcode 9.3";
			developmentRegion = en;
			hasScannedForEncodings = 0;
			knownRegions = (
				en,
				Base,
			);
			mainGroup = 34240EA524D97CAA00E4FD67;
			productRefGroup = 34240EAF24D97CAA00E4FD67 /* Products */;
			projectDirPath = "";
			projectRoot = "";
			targets = (
				34240EAD24D97CAA00E4FD67 /* news */,
			);
		};
/* End PBXProject section */

/* Begin PBXResourcesBuildPhase section */
		34240EAC24D97CAA00E4FD67 /* Resources */ = {
			isa = PBXResourcesBuildPhase;
			buildActionMask = 2147483647;
			files = (
				34240EBE24D97CAB00E4FD67 /* LaunchScreen.storyboard in Resources */,
				34240EBB24D97CAB00E4FD67 /* Preview Assets.xcassets in Resources */,
				34240EB824D97CAB00E4FD67 /* Assets.xcassets in Resources */,
			);
			runOnlyForDeploymentPostprocessing = 0;
		};
/* End PBXResourcesBuildPhase section */

/* Begin PBXSourcesBuildPhase section */
		34240EAA24D97CAA00E4FD67 /* Sources */ = {
			isa = PBXSourcesBuildPhase;
			buildActionMask = 2147483647;
			files = (
				34240EB224D97CAA00E4FD67 /* AppDelegate.swift in Sources */,
				34240EB424D97CAA00E4FD67 /* SceneDelegate.swift in Sources */,
				342803C524DD41ED00E733E8 /* NewsContent.swift in Sources */,
				34240EB624D97CAA00E4FD67 /* ContentView.swift in Sources */,
				3455B62D24D9806D00F0DA49 /* Model.swift in Sources */,
				3455B63324D98B0D00F0DA49 /* NewsRow.swift in Sources */,
				3455B62F24D9830D00F0DA49 /* ModelView.swift in Sources */,
				3455B63524DC4FE300F0DA49 /* data.swift in Sources */,
			);
			runOnlyForDeploymentPostprocessing = 0;
		};
/* End PBXSourcesBuildPhase section */

/* Begin PBXVariantGroup section */
		34240EBC24D97CAB00E4FD67 /* LaunchScreen.storyboard */ = {
			isa = PBXVariantGroup;
			children = (
				34240EBD24D97CAB00E4FD67 /* Base */,
			);
			name = LaunchScreen.storyboard;
			sourceTree = "<group>";
		};
/* End PBXVariantGroup section */

/* Begin XCBuildConfiguration section */
		34240EC024D97CAB00E4FD67 /* Debug */ = {
			isa = XCBuildConfiguration;
			buildSettings = {
				ALWAYS_SEARCH_USER_PATHS = NO;
				CLANG_ANALYZER_NONNULL = YES;
				CLANG_ANALYZER_NUMBER_OBJECT_CONVERSION = YES_AGGRESSIVE;
				CLANG_CXX_LANGUAGE_STANDARD = "gnu++14";
				CLANG_CXX_LIBRARY = "libc++";
				CLANG_ENABLE_MODULES = YES;
				CLANG_ENABLE_OBJC_ARC = YES;
				CLANG_ENABLE_OBJC_WEAK = YES;
				CLANG_WARN_BLOCK_CAPTURE_AUTORELEASING = YES;
				CLANG_WARN_BOOL_CONVERSION = YES;
				CLANG_WARN_COMMA = YES;
				CLANG_WARN_CONSTANT_CONVERSION = YES;
				CLANG_WARN_DEPRECATED_OBJC_IMPLEMENTATIONS = YES;
				CLANG_WARN_DIRECT_OBJC_ISA_USAGE = YES_ERROR;
				CLANG_WARN_DOCUMENTATION_COMMENTS = YES;
				CLANG_WARN_EMPTY_BODY = YES;
				CLANG_WARN_ENUM_CONVERSION = YES;
				CLANG_WARN_INFINITE_RECURSION = YES;
				CLANG_WARN_INT_CONVERSION = YES;
				CLANG_WARN_NON_LITERAL_NULL_CONVERSION = YES;
				CLANG_WARN_OBJC_IMPLICIT_RETAIN_SELF = YES;
				CLANG_WARN_OBJC_LITERAL_CONVERSION = YES;
				CLANG_WARN_OBJC_ROOT_CLASS = YES_ERROR;
				CLANG_WARN_RANGE_LOOP_ANALYSIS = YES;
				CLANG_WARN_STRICT_PROTOTYPES = YES;
				CLANG_WARN_SUSPICIOUS_MOVE = YES;
				CLANG_WARN_UNGUARDED_AVAILABILITY = YES_AGGRESSIVE;
				CLANG_WARN_UNREACHABLE_CODE = YES;
				CLANG_WARN__DUPLICATE_METHOD_MATCH = YES;
				COPY_PHASE_STRIP = NO;
				DEBUG_INFORMATION_FORMAT = dwarf;
				ENABLE_STRICT_OBJC_MSGSEND = YES;
				ENABLE_TESTABILITY = YES;
				GCC_C_LANGUAGE_STANDARD = gnu11;
				GCC_DYNAMIC_NO_PIC = NO;
				GCC_NO_COMMON_BLOCKS = YES;
				GCC_OPTIMIZATION_LEVEL = 0;
				GCC_PREPROCESSOR_DEFINITIONS = (
					"DEBUG=1",
					"$(inherited)",
				);
				GCC_WARN_64_TO_32_BIT_CONVERSION = YES;
				GCC_WARN_ABOUT_RETURN_TYPE = YES_ERROR;
				GCC_WARN_UNDECLARED_SELECTOR = YES;
				GCC_WARN_UNINITIALIZED_AUTOS = YES_AGGRESSIVE;
				GCC_WARN_UNUSED_FUNCTION = YES;
				GCC_WARN_UNUSED_VARIABLE = YES;
				IPHONEOS_DEPLOYMENT_TARGET = 13.6;
				MTL_ENABLE_DEBUG_INFO = INCLUDE_SOURCE;
				MTL_FAST_MATH = YES;
				ONLY_ACTIVE_ARCH = YES;
				SDKROOT = iphoneos;
				SWIFT_ACTIVE_COMPILATION_CONDITIONS = DEBUG;
				SWIFT_OPTIMIZATION_LEVEL = "-Onone";
			};
			name = Debug;
		};
		34240EC124D97CAB00E4FD67 /* Release */ = {
			isa = XCBuildConfiguration;
			buildSettings = {
				ALWAYS_SEARCH_USER_PATHS = NO;
				CLANG_ANALYZER_NONNULL = YES;
				CLANG_ANALYZER_NUMBER_OBJECT_CONVERSION = YES_AGGRESSIVE;
				CLANG_CXX_LANGUAGE_STANDARD = "gnu++14";
				CLANG_CXX_LIBRARY = "libc++";
				CLANG_ENABLE_MODULES = YES;
				CLANG_ENABLE_OBJC_ARC = YES;
				CLANG_ENABLE_OBJC_WEAK = YES;
				CLANG_WARN_BLOCK_CAPTURE_AUTORELEASING = YES;
				CLANG_WARN_BOOL_CONVERSION = YES;
				CLANG_WARN_COMMA = YES;
				CLANG_WARN_CONSTANT_CONVERSION = YES;
				CLANG_WARN_DEPRECATED_OBJC_IMPLEMENTATIONS = YES;
				CLANG_WARN_DIRECT_OBJC_ISA_USAGE = YES_ERROR;
				CLANG_WARN_DOCUMENTATION_COMMENTS = YES;
				CLANG_WARN_EMPTY_BODY = YES;
				CLANG_WARN_ENUM_CONVERSION = YES;
				CLANG_WARN_INFINITE_RECURSION = YES;
				CLANG_WARN_INT_CONVERSION = YES;
				CLANG_WARN_NON_LITERAL_NULL_CONVERSION = YES;
				CLANG_WARN_OBJC_IMPLICIT_RETAIN_SELF = YES;
				CLANG_WARN_OBJC_LITERAL_CONVERSION = YES;
				CLANG_WARN_OBJC_ROOT_CLASS = YES_ERROR;
				CLANG_WARN_RANGE_LOOP_ANALYSIS = YES;
				CLANG_WARN_STRICT_PROTOTYPES = YES;
				CLANG_WARN_SUSPICIOUS_MOVE = YES;
				CLANG_WARN_UNGUARDED_AVAILABILITY = YES_AGGRESSIVE;
				CLANG_WARN_UNREACHABLE_CODE = YES;
				CLANG_WARN__DUPLICATE_METHOD_MATCH = YES;
				COPY_PHASE_STRIP = NO;
				DEBUG_INFORMATION_FORMAT = "dwarf-with-dsym";
				ENABLE_NS_ASSERTIONS = NO;
				ENABLE_STRICT_OBJC_MSGSEND = YES;
				GCC_C_LANGUAGE_STANDARD = gnu11;
				GCC_NO_COMMON_BLOCKS = YES;
				GCC_WARN_64_TO_32_BIT_CONVERSION = YES;
				GCC_WARN_ABOUT_RETURN_TYPE = YES_ERROR;
				GCC_WARN_UNDECLARED_SELECTOR = YES;
				GCC_WARN_UNINITIALIZED_AUTOS = YES_AGGRESSIVE;
				GCC_WARN_UNUSED_FUNCTION = YES;
				GCC_WARN_UNUSED_VARIABLE = YES;
				IPHONEOS_DEPLOYMENT_TARGET = 13.6;
				MTL_ENABLE_DEBUG_INFO = NO;
				MTL_FAST_MATH = YES;
				SDKROOT = iphoneos;
				SWIFT_COMPILATION_MODE = wholemodule;
				SWIFT_OPTIMIZATION_LEVEL = "-O";
				VALIDATE_PRODUCT = YES;
			};
			name = Release;
		};
		34240EC324D97CAB00E4FD67 /* Debug */ = {
			isa = XCBuildConfiguration;
			buildSettings = {
				ASSETCATALOG_COMPILER_APPICON_NAME = AppIcon;
				CODE_SIGN_STYLE = Automatic;
				DEVELOPMENT_ASSET_PATHS = "\"news/Preview Content\"";
				ENABLE_PREVIEWS = YES;
				INFOPLIST_FILE = news/Info.plist;
				LD_RUNPATH_SEARCH_PATHS = (
					"$(inherited)",
					"@executable_path/Frameworks",
				);
				PRODUCT_BUNDLE_IDENTIFIER = yrj.news;
				PRODUCT_NAME = "$(TARGET_NAME)";
				SWIFT_VERSION = 5.0;
				TARGETED_DEVICE_FAMILY = "1,2";
			};
			name = Debug;
		};
		34240EC424D97CAB00E4FD67 /* Release */ = {
			isa = XCBuildConfiguration;
			buildSettings = {
				ASSETCATALOG_COMPILER_APPICON_NAME = AppIcon;
				CODE_SIGN_STYLE = Automatic;
				DEVELOPMENT_ASSET_PATHS = "\"news/Preview Content\"";
				ENABLE_PREVIEWS = YES;
				INFOPLIST_FILE = news/Info.plist;
				LD_RUNPATH_SEARCH_PATHS = (
					"$(inherited)",
					"@executable_path/Frameworks",
				);
				PRODUCT_BUNDLE_IDENTIFIER = yrj.news;
				PRODUCT_NAME = "$(TARGET_NAME)";
				SWIFT_VERSION = 5.0;
				TARGETED_DEVICE_FAMILY = "1,2";
			};
			name = Release;
		};
/* End XCBuildConfiguration section */

/* Begin XCConfigurationList section */
		34240EA924D97CAA00E4FD67 /* Build configuration list for PBXProject "news" */ = {
			isa = XCConfigurationList;
			buildConfigurations = (
				34240EC024D97CAB00E4FD67 /* Debug */,
				34240EC124D97CAB00E4FD67 /* Release */,
			);
			defaultConfigurationIsVisible = 0;
			defaultConfigurationName = Release;
		};
		34240EC224D97CAB00E4FD67 /* Build configuration list for PBXNativeTarget "news" */ = {
			isa = XCConfigurationList;
			buildConfigurations = (
				34240EC324D97CAB00E4FD67 /* Debug */,
				34240EC424D97CAB00E4FD67 /* Release */,
			);
			defaultConfigurationIsVisible = 0;
			defaultConfigurationName = Release;
		};
/* End XCConfigurationList section */
	};
	rootObject = 34240EA624D97CAA00E4FD67 /* Project object */;
}
